// !$*UTF8*$!
{
	archiveVersion = 1;
	classes = {
	};
	objectVersion = 50;
	objects = {

/* Begin PBXBuildFile section */
		E60C7F8F255F72970067750F /* SportsNewsApp.swift in Sources */ = {isa = PBXBuildFile; fileRef = E60C7F8E255F72970067750F /* SportsNewsApp.swift */; };
		E60C7F93255F729A0067750F /* Assets.xcassets in Resources */ = {isa = PBXBuildFile; fileRef = E60C7F92255F729A0067750F /* Assets.xcassets */; };
		E60C7F96255F729A0067750F /* Preview Assets.xcassets in Resources */ = {isa = PBXBuildFile; fileRef = E60C7F95255F729A0067750F /* Preview Assets.xcassets */; };
		E60C7FA1255F729A0067750F /* SprotsNewsTests.swift in Sources */ = {isa = PBXBuildFile; fileRef = E60C7FA0255F729A0067750F /* SprotsNewsTests.swift */; };
		E60C7FAC255F729A0067750F /* SprotsNewsUITests.swift in Sources */ = {isa = PBXBuildFile; fileRef = E60C7FAB255F729A0067750F /* SprotsNewsUITests.swift */; };
		E60C7FC0255F72D90067750F /* RequestManager.swift in Sources */ = {isa = PBXBuildFile; fileRef = E60C7FBF255F72D90067750F /* RequestManager.swift */; };
		E60C7FC8255F73360067750F /* Request.swift in Sources */ = {isa = PBXBuildFile; fileRef = E60C7FC7255F73360067750F /* Request.swift */; };
		E60C7FCE255F758A0067750F /* URLRequest+extensions.swift in Sources */ = {isa = PBXBuildFile; fileRef = E60C7FCD255F758A0067750F /* URLRequest+extensions.swift */; };
		E60C7FD7255F7C9F0067750F /* Headlineable.swift in Sources */ = {isa = PBXBuildFile; fileRef = E60C7FD6255F7C9F0067750F /* Headlineable.swift */; };
		E60C7FDC255F7D170067750F /* F1Result.swift in Sources */ = {isa = PBXBuildFile; fileRef = E60C7FDB255F7D170067750F /* F1Result.swift */; };
		E60C7FE1255F7D8A0067750F /* NBAResult.swift in Sources */ = {isa = PBXBuildFile; fileRef = E60C7FE0255F7D8A0067750F /* NBAResult.swift */; };
		E60C7FE6255F7E510067750F /* TennisResult.swift in Sources */ = {isa = PBXBuildFile; fileRef = E60C7FE5255F7E510067750F /* TennisResult.swift */; };
		E60C7FEB255F82F80067750F /* NewsResult.swift in Sources */ = {isa = PBXBuildFile; fileRef = E60C7FEA255F82F80067750F /* NewsResult.swift */; };
		E60C7FF9255F89820067750F /* SNDateFormatter.swift in Sources */ = {isa = PBXBuildFile; fileRef = E60C7FF8255F89820067750F /* SNDateFormatter.swift */; };
		E60C8005255F8F8C0067750F /* HomeView.swift in Sources */ = {isa = PBXBuildFile; fileRef = E60C8004255F8F8C0067750F /* HomeView.swift */; };
		E60C800A255F8F9F0067750F /* HomeViewModel.swift in Sources */ = {isa = PBXBuildFile; fileRef = E60C8009255F8F9F0067750F /* HomeViewModel.swift */; };
		E60C800F255F8FE00067750F /* HomeCoordinator.swift in Sources */ = {isa = PBXBuildFile; fileRef = E60C800E255F8FE00067750F /* HomeCoordinator.swift */; };
		E60C8014255F90000067750F /* Coordinator.swift in Sources */ = {isa = PBXBuildFile; fileRef = E60C8013255F90000067750F /* Coordinator.swift */; };
		E60C8019255F90840067750F /* Navigator.swift in Sources */ = {isa = PBXBuildFile; fileRef = E60C8018255F90840067750F /* Navigator.swift */; };
		E60C801E255F90E20067750F /* EventHandler.swift in Sources */ = {isa = PBXBuildFile; fileRef = E60C801D255F90E20067750F /* EventHandler.swift */; };
		E60C8023255F933A0067750F /* View+extensions.swift in Sources */ = {isa = PBXBuildFile; fileRef = E60C8022255F933A0067750F /* View+extensions.swift */; };
		E6392F49255FA49E00AA6C8F /* LazyView.swift in Sources */ = {isa = PBXBuildFile; fileRef = E6392F48255FA49E00AA6C8F /* LazyView.swift */; };
		E6ADBDC8255FA99400FE667C /* ResultsView.swift in Sources */ = {isa = PBXBuildFile; fileRef = E6ADBDC7255FA99400FE667C /* ResultsView.swift */; };
		E6ADBDD0255FA9A100FE667C /* ResultsViewModel.swift in Sources */ = {isa = PBXBuildFile; fileRef = E6ADBDCF255FA9A100FE667C /* ResultsViewModel.swift */; };
		E6ADBDD5255FAE0C00FE667C /* ResultsCoordinator.swift in Sources */ = {isa = PBXBuildFile; fileRef = E6ADBDD4255FAE0C00FE667C /* ResultsCoordinator.swift */; };
		E6ADBDDD255FB0A500FE667C /* ResultsRow.swift in Sources */ = {isa = PBXBuildFile; fileRef = E6ADBDDC255FB0A500FE667C /* ResultsRow.swift */; };
		E6E72E5825602B23003A3DBE /* Sport.swift in Sources */ = {isa = PBXBuildFile; fileRef = E6E72E5725602B23003A3DBE /* Sport.swift */; };
		E6E72E5D25603AC3003A3DBE /* Date+extensions.swift in Sources */ = {isa = PBXBuildFile; fileRef = E6E72E5C25603AC3003A3DBE /* Date+extensions.swift */; };
		E6E72E632560476E003A3DBE /* FilterView.swift in Sources */ = {isa = PBXBuildFile; fileRef = E6E72E622560476E003A3DBE /* FilterView.swift */; };
		E6E72E6B25605060003A3DBE /* Filterable.swift in Sources */ = {isa = PBXBuildFile; fileRef = E6E72E6A25605060003A3DBE /* Filterable.swift */; };
		E6E72E7025605920003A3DBE /* FilterPill.swift in Sources */ = {isa = PBXBuildFile; fileRef = E6E72E6F25605920003A3DBE /* FilterPill.swift */; };
/* End PBXBuildFile section */

/* Begin PBXContainerItemProxy section */
		E60C7F9D255F729A0067750F /* PBXContainerItemProxy */ = {
			isa = PBXContainerItemProxy;
			containerPortal = E60C7F83255F72970067750F /* Project object */;
			proxyType = 1;
			remoteGlobalIDString = E60C7F8A255F72970067750F;
			remoteInfo = SprotsNews;
		};
		E60C7FA8255F729A0067750F /* PBXContainerItemProxy */ = {
			isa = PBXContainerItemProxy;
			containerPortal = E60C7F83255F72970067750F /* Project object */;
			proxyType = 1;
			remoteGlobalIDString = E60C7F8A255F72970067750F;
			remoteInfo = SprotsNews;
		};
/* End PBXContainerItemProxy section */

/* Begin PBXFileReference section */
		E60C7F8B255F72970067750F /* SportsNews.app */ = {isa = PBXFileReference; explicitFileType = wrapper.application; includeInIndex = 0; path = SportsNews.app; sourceTree = BUILT_PRODUCTS_DIR; };
		E60C7F8E255F72970067750F /* SportsNewsApp.swift */ = {isa = PBXFileReference; lastKnownFileType = sourcecode.swift; path = SportsNewsApp.swift; sourceTree = "<group>"; };
		E60C7F92255F729A0067750F /* Assets.xcassets */ = {isa = PBXFileReference; lastKnownFileType = folder.assetcatalog; path = Assets.xcassets; sourceTree = "<group>"; };
		E60C7F95255F729A0067750F /* Preview Assets.xcassets */ = {isa = PBXFileReference; lastKnownFileType = folder.assetcatalog; path = "Preview Assets.xcassets"; sourceTree = "<group>"; };
		E60C7F97255F729A0067750F /* Info.plist */ = {isa = PBXFileReference; lastKnownFileType = text.plist.xml; path = Info.plist; sourceTree = "<group>"; };
		E60C7F9C255F729A0067750F /* SportsNewsTests.xctest */ = {isa = PBXFileReference; explicitFileType = wrapper.cfbundle; includeInIndex = 0; path = SportsNewsTests.xctest; sourceTree = BUILT_PRODUCTS_DIR; };
		E60C7FA0255F729A0067750F /* SprotsNewsTests.swift */ = {isa = PBXFileReference; lastKnownFileType = sourcecode.swift; path = SprotsNewsTests.swift; sourceTree = "<group>"; };
		E60C7FA2255F729A0067750F /* Info.plist */ = {isa = PBXFileReference; lastKnownFileType = text.plist.xml; path = Info.plist; sourceTree = "<group>"; };
		E60C7FA7255F729A0067750F /* SportsNewsUITests.xctest */ = {isa = PBXFileReference; explicitFileType = wrapper.cfbundle; includeInIndex = 0; path = SportsNewsUITests.xctest; sourceTree = BUILT_PRODUCTS_DIR; };
		E60C7FAB255F729A0067750F /* SprotsNewsUITests.swift */ = {isa = PBXFileReference; lastKnownFileType = sourcecode.swift; path = SprotsNewsUITests.swift; sourceTree = "<group>"; };
		E60C7FAD255F729A0067750F /* Info.plist */ = {isa = PBXFileReference; lastKnownFileType = text.plist.xml; path = Info.plist; sourceTree = "<group>"; };
		E60C7FBF255F72D90067750F /* RequestManager.swift */ = {isa = PBXFileReference; lastKnownFileType = sourcecode.swift; path = RequestManager.swift; sourceTree = "<group>"; };
		E60C7FC7255F73360067750F /* Request.swift */ = {isa = PBXFileReference; lastKnownFileType = sourcecode.swift; path = Request.swift; sourceTree = "<group>"; };
		E60C7FCD255F758A0067750F /* URLRequest+extensions.swift */ = {isa = PBXFileReference; lastKnownFileType = sourcecode.swift; path = "URLRequest+extensions.swift"; sourceTree = "<group>"; };
		E60C7FD6255F7C9F0067750F /* Headlineable.swift */ = {isa = PBXFileReference; lastKnownFileType = sourcecode.swift; path = Headlineable.swift; sourceTree = "<group>"; };
		E60C7FDB255F7D170067750F /* F1Result.swift */ = {isa = PBXFileReference; lastKnownFileType = sourcecode.swift; path = F1Result.swift; sourceTree = "<group>"; };
		E60C7FE0255F7D8A0067750F /* NBAResult.swift */ = {isa = PBXFileReference; lastKnownFileType = sourcecode.swift; path = NBAResult.swift; sourceTree = "<group>"; };
		E60C7FE5255F7E510067750F /* TennisResult.swift */ = {isa = PBXFileReference; lastKnownFileType = sourcecode.swift; path = TennisResult.swift; sourceTree = "<group>"; };
		E60C7FEA255F82F80067750F /* NewsResult.swift */ = {isa = PBXFileReference; lastKnownFileType = sourcecode.swift; path = NewsResult.swift; sourceTree = "<group>"; };
		E60C7FF8255F89820067750F /* SNDateFormatter.swift */ = {isa = PBXFileReference; lastKnownFileType = sourcecode.swift; path = SNDateFormatter.swift; sourceTree = "<group>"; };
		E60C8004255F8F8C0067750F /* HomeView.swift */ = {isa = PBXFileReference; lastKnownFileType = sourcecode.swift; path = HomeView.swift; sourceTree = "<group>"; };
		E60C8009255F8F9F0067750F /* HomeViewModel.swift */ = {isa = PBXFileReference; lastKnownFileType = sourcecode.swift; path = HomeViewModel.swift; sourceTree = "<group>"; };
		E60C800E255F8FE00067750F /* HomeCoordinator.swift */ = {isa = PBXFileReference; lastKnownFileType = sourcecode.swift; path = HomeCoordinator.swift; sourceTree = "<group>"; };
		E60C8013255F90000067750F /* Coordinator.swift */ = {isa = PBXFileReference; lastKnownFileType = sourcecode.swift; path = Coordinator.swift; sourceTree = "<group>"; };
		E60C8018255F90840067750F /* Navigator.swift */ = {isa = PBXFileReference; lastKnownFileType = sourcecode.swift; path = Navigator.swift; sourceTree = "<group>"; };
		E60C801D255F90E20067750F /* EventHandler.swift */ = {isa = PBXFileReference; lastKnownFileType = sourcecode.swift; path = EventHandler.swift; sourceTree = "<group>"; };
		E60C8022255F933A0067750F /* View+extensions.swift */ = {isa = PBXFileReference; lastKnownFileType = sourcecode.swift; path = "View+extensions.swift"; sourceTree = "<group>"; };
		E6392F48255FA49E00AA6C8F /* LazyView.swift */ = {isa = PBXFileReference; lastKnownFileType = sourcecode.swift; path = LazyView.swift; sourceTree = "<group>"; };
		E6ADBDC7255FA99400FE667C /* ResultsView.swift */ = {isa = PBXFileReference; lastKnownFileType = sourcecode.swift; path = ResultsView.swift; sourceTree = "<group>"; };
		E6ADBDCF255FA9A100FE667C /* ResultsViewModel.swift */ = {isa = PBXFileReference; lastKnownFileType = sourcecode.swift; path = ResultsViewModel.swift; sourceTree = "<group>"; };
		E6ADBDD4255FAE0C00FE667C /* ResultsCoordinator.swift */ = {isa = PBXFileReference; lastKnownFileType = sourcecode.swift; path = ResultsCoordinator.swift; sourceTree = "<group>"; };
		E6ADBDDC255FB0A500FE667C /* ResultsRow.swift */ = {isa = PBXFileReference; lastKnownFileType = sourcecode.swift; path = ResultsRow.swift; sourceTree = "<group>"; };
		E6E72E5725602B23003A3DBE /* Sport.swift */ = {isa = PBXFileReference; lastKnownFileType = sourcecode.swift; path = Sport.swift; sourceTree = "<group>"; };
		E6E72E5C25603AC3003A3DBE /* Date+extensions.swift */ = {isa = PBXFileReference; lastKnownFileType = sourcecode.swift; path = "Date+extensions.swift"; sourceTree = "<group>"; };
		E6E72E622560476E003A3DBE /* FilterView.swift */ = {isa = PBXFileReference; lastKnownFileType = sourcecode.swift; path = FilterView.swift; sourceTree = "<group>"; };
		E6E72E6A25605060003A3DBE /* Filterable.swift */ = {isa = PBXFileReference; lastKnownFileType = sourcecode.swift; path = Filterable.swift; sourceTree = "<group>"; };
		E6E72E6F25605920003A3DBE /* FilterPill.swift */ = {isa = PBXFileReference; lastKnownFileType = sourcecode.swift; path = FilterPill.swift; sourceTree = "<group>"; };
/* End PBXFileReference section */

/* Begin PBXFrameworksBuildPhase section */
		E60C7F88255F72970067750F /* Frameworks */ = {
			isa = PBXFrameworksBuildPhase;
			buildActionMask = 2147483647;
			files = (
			);
			runOnlyForDeploymentPostprocessing = 0;
		};
		E60C7F99255F729A0067750F /* Frameworks */ = {
			isa = PBXFrameworksBuildPhase;
			buildActionMask = 2147483647;
			files = (
			);
			runOnlyForDeploymentPostprocessing = 0;
		};
		E60C7FA4255F729A0067750F /* Frameworks */ = {
			isa = PBXFrameworksBuildPhase;
			buildActionMask = 2147483647;
			files = (
			);
			runOnlyForDeploymentPostprocessing = 0;
		};
/* End PBXFrameworksBuildPhase section */

/* Begin PBXGroup section */
		E60C7F82255F72970067750F = {
			isa = PBXGroup;
			children = (
				E60C7F8D255F72970067750F /* SportsNews */,
				E60C7F9F255F729A0067750F /* SportsNewsTests */,
				E60C7FAA255F729A0067750F /* SportsNewsUITests */,
				E60C7F8C255F72970067750F /* Products */,
			);
			sourceTree = "<group>";
		};
		E60C7F8C255F72970067750F /* Products */ = {
			isa = PBXGroup;
			children = (
				E60C7F8B255F72970067750F /* SportsNews.app */,
				E60C7F9C255F729A0067750F /* SportsNewsTests.xctest */,
				E60C7FA7255F729A0067750F /* SportsNewsUITests.xctest */,
			);
			name = Products;
			sourceTree = "<group>";
		};
		E60C7F8D255F72970067750F /* SportsNews */ = {
			isa = PBXGroup;
			children = (
				E60C7FF7255F89350067750F /* Singletons */,
				E60C7FD5255F7C8E0067750F /* Protocols */,
				E60C7FCC255F75720067750F /* Extensions */,
				E60C7FBE255F72C90067750F /* Networking */,
				E60C7FBD255F72B40067750F /* Models */,
				E60C7FBC255F72AD0067750F /* Views */,
				E60C7F8E255F72970067750F /* SportsNewsApp.swift */,
				E60C7F92255F729A0067750F /* Assets.xcassets */,
				E60C7F97255F729A0067750F /* Info.plist */,
				E60C7F94255F729A0067750F /* Preview Content */,
			);
			path = SportsNews;
			sourceTree = "<group>";
		};
		E60C7F94255F729A0067750F /* Preview Content */ = {
			isa = PBXGroup;
			children = (
				E60C7F95255F729A0067750F /* Preview Assets.xcassets */,
			);
			path = "Preview Content";
			sourceTree = "<group>";
		};
		E60C7F9F255F729A0067750F /* SportsNewsTests */ = {
			isa = PBXGroup;
			children = (
				E60C7FA0255F729A0067750F /* SprotsNewsTests.swift */,
				E60C7FA2255F729A0067750F /* Info.plist */,
			);
			path = SportsNewsTests;
			sourceTree = "<group>";
		};
		E60C7FAA255F729A0067750F /* SportsNewsUITests */ = {
			isa = PBXGroup;
			children = (
				E60C7FAB255F729A0067750F /* SprotsNewsUITests.swift */,
				E60C7FAD255F729A0067750F /* Info.plist */,
			);
			path = SportsNewsUITests;
			sourceTree = "<group>";
		};
		E60C7FBC255F72AD0067750F /* Views */ = {
			isa = PBXGroup;
			children = (
				E6392F47255FA49100AA6C8F /* Shared */,
				E60C8003255F8F760067750F /* Results */,
				E60C8002255F8F690067750F /* Home */,
			);
			path = Views;
			sourceTree = "<group>";
		};
		E60C7FBD255F72B40067750F /* Models */ = {
			isa = PBXGroup;
			children = (
				E60C7FDB255F7D170067750F /* F1Result.swift */,
				E60C7FE0255F7D8A0067750F /* NBAResult.swift */,
				E60C7FE5255F7E510067750F /* TennisResult.swift */,
				E60C7FEA255F82F80067750F /* NewsResult.swift */,
				E6E72E5725602B23003A3DBE /* Sport.swift */,
			);
			path = Models;
			sourceTree = "<group>";
		};
		E60C7FBE255F72C90067750F /* Networking */ = {
			isa = PBXGroup;
			children = (
				E60C7FBF255F72D90067750F /* RequestManager.swift */,
				E60C7FC7255F73360067750F /* Request.swift */,
			);
			path = Networking;
			sourceTree = "<group>";
		};
		E60C7FCC255F75720067750F /* Extensions */ = {
			isa = PBXGroup;
			children = (
				E60C7FCD255F758A0067750F /* URLRequest+extensions.swift */,
				E60C8022255F933A0067750F /* View+extensions.swift */,
				E6E72E5C25603AC3003A3DBE /* Date+extensions.swift */,
			);
			path = Extensions;
			sourceTree = "<group>";
		};
		E60C7FD5255F7C8E0067750F /* Protocols */ = {
			isa = PBXGroup;
			children = (
				E60C7FD6255F7C9F0067750F /* Headlineable.swift */,
				E60C8013255F90000067750F /* Coordinator.swift */,
				E60C8018255F90840067750F /* Navigator.swift */,
				E60C801D255F90E20067750F /* EventHandler.swift */,
				E6E72E6A25605060003A3DBE /* Filterable.swift */,
			);
			path = Protocols;
			sourceTree = "<group>";
		};
		E60C7FF7255F89350067750F /* Singletons */ = {
			isa = PBXGroup;
			children = (
				E60C7FF8255F89820067750F /* SNDateFormatter.swift */,
			);
			path = Singletons;
			sourceTree = "<group>";
		};
		E60C8002255F8F690067750F /* Home */ = {
			isa = PBXGroup;
			children = (
				E60C8004255F8F8C0067750F /* HomeView.swift */,
				E60C8009255F8F9F0067750F /* HomeViewModel.swift */,
				E60C800E255F8FE00067750F /* HomeCoordinator.swift */,
			);
			path = Home;
			sourceTree = "<group>";
		};
		E60C8003255F8F760067750F /* Results */ = {
			isa = PBXGroup;
			children = (
				E6ADBDC7255FA99400FE667C /* ResultsView.swift */,
				E6ADBDCF255FA9A100FE667C /* ResultsViewModel.swift */,
				E6ADBDD4255FAE0C00FE667C /* ResultsCoordinator.swift */,
				E6ADBDDC255FB0A500FE667C /* ResultsRow.swift */,
				E6E72E6125604755003A3DBE /* Filter */,
			);
			path = Results;
			sourceTree = "<group>";
		};
		E6392F47255FA49100AA6C8F /* Shared */ = {
			isa = PBXGroup;
			children = (
				E6392F48255FA49E00AA6C8F /* LazyView.swift */,
			);
			path = Shared;
			sourceTree = "<group>";
		};
		E6E72E6125604755003A3DBE /* Filter */ = {
			isa = PBXGroup;
			children = (
				E6E72E622560476E003A3DBE /* FilterView.swift */,
				E6E72E6F25605920003A3DBE /* FilterPill.swift */,
			);
			path = Filter;
			sourceTree = "<group>";
		};
/* End PBXGroup section */

/* Begin PBXNativeTarget section */
		E60C7F8A255F72970067750F /* SportsNews */ = {
			isa = PBXNativeTarget;
			buildConfigurationList = E60C7FB0255F729A0067750F /* Build configuration list for PBXNativeTarget "SportsNews" */;
			buildPhases = (
				E60C7F87255F72970067750F /* Sources */,
				E60C7F88255F72970067750F /* Frameworks */,
				E60C7F89255F72970067750F /* Resources */,
			);
			buildRules = (
			);
			dependencies = (
			);
			name = SportsNews;
			productName = SprotsNews;
			productReference = E60C7F8B255F72970067750F /* SportsNews.app */;
			productType = "com.apple.product-type.application";
		};
		E60C7F9B255F729A0067750F /* SportsNewsTests */ = {
			isa = PBXNativeTarget;
			buildConfigurationList = E60C7FB3255F729A0067750F /* Build configuration list for PBXNativeTarget "SportsNewsTests" */;
			buildPhases = (
				E60C7F98255F729A0067750F /* Sources */,
				E60C7F99255F729A0067750F /* Frameworks */,
				E60C7F9A255F729A0067750F /* Resources */,
			);
			buildRules = (
			);
			dependencies = (
				E60C7F9E255F729A0067750F /* PBXTargetDependency */,
			);
			name = SportsNewsTests;
			productName = SprotsNewsTests;
			productReference = E60C7F9C255F729A0067750F /* SportsNewsTests.xctest */;
			productType = "com.apple.product-type.bundle.unit-test";
		};
		E60C7FA6255F729A0067750F /* SportsNewsUITests */ = {
			isa = PBXNativeTarget;
			buildConfigurationList = E60C7FB6255F729A0067750F /* Build configuration list for PBXNativeTarget "SportsNewsUITests" */;
			buildPhases = (
				E60C7FA3255F729A0067750F /* Sources */,
				E60C7FA4255F729A0067750F /* Frameworks */,
				E60C7FA5255F729A0067750F /* Resources */,
			);
			buildRules = (
			);
			dependencies = (
				E60C7FA9255F729A0067750F /* PBXTargetDependency */,
			);
			name = SportsNewsUITests;
			productName = SprotsNewsUITests;
			productReference = E60C7FA7255F729A0067750F /* SportsNewsUITests.xctest */;
			productType = "com.apple.product-type.bundle.ui-testing";
		};
/* End PBXNativeTarget section */

/* Begin PBXProject section */
		E60C7F83255F72970067750F /* Project object */ = {
			isa = PBXProject;
			attributes = {
				LastSwiftUpdateCheck = 1220;
				LastUpgradeCheck = 1220;
				TargetAttributes = {
					E60C7F8A255F72970067750F = {
						CreatedOnToolsVersion = 12.2;
					};
					E60C7F9B255F729A0067750F = {
						CreatedOnToolsVersion = 12.2;
						TestTargetID = E60C7F8A255F72970067750F;
					};
					E60C7FA6255F729A0067750F = {
						CreatedOnToolsVersion = 12.2;
						TestTargetID = E60C7F8A255F72970067750F;
					};
				};
			};
			buildConfigurationList = E60C7F86255F72970067750F /* Build configuration list for PBXProject "SportsNews" */;
			compatibilityVersion = "Xcode 9.3";
			developmentRegion = en;
			hasScannedForEncodings = 0;
			knownRegions = (
				en,
				Base,
			);
			mainGroup = E60C7F82255F72970067750F;
			productRefGroup = E60C7F8C255F72970067750F /* Products */;
			projectDirPath = "";
			projectRoot = "";
			targets = (
				E60C7F8A255F72970067750F /* SportsNews */,
				E60C7F9B255F729A0067750F /* SportsNewsTests */,
				E60C7FA6255F729A0067750F /* SportsNewsUITests */,
			);
		};
/* End PBXProject section */

/* Begin PBXResourcesBuildPhase section */
		E60C7F89255F72970067750F /* Resources */ = {
			isa = PBXResourcesBuildPhase;
			buildActionMask = 2147483647;
			files = (
				E60C7F96255F729A0067750F /* Preview Assets.xcassets in Resources */,
				E60C7F93255F729A0067750F /* Assets.xcassets in Resources */,
			);
			runOnlyForDeploymentPostprocessing = 0;
		};
		E60C7F9A255F729A0067750F /* Resources */ = {
			isa = PBXResourcesBuildPhase;
			buildActionMask = 2147483647;
			files = (
			);
			runOnlyForDeploymentPostprocessing = 0;
		};
		E60C7FA5255F729A0067750F /* Resources */ = {
			isa = PBXResourcesBuildPhase;
			buildActionMask = 2147483647;
			files = (
			);
			runOnlyForDeploymentPostprocessing = 0;
		};
/* End PBXResourcesBuildPhase section */

/* Begin PBXSourcesBuildPhase section */
		E60C7F87255F72970067750F /* Sources */ = {
			isa = PBXSourcesBuildPhase;
			buildActionMask = 2147483647;
			files = (
				E6E72E632560476E003A3DBE /* FilterView.swift in Sources */,
				E6E72E5D25603AC3003A3DBE /* Date+extensions.swift in Sources */,
				E60C8014255F90000067750F /* Coordinator.swift in Sources */,
				E60C8019255F90840067750F /* Navigator.swift in Sources */,
				E60C7FC0255F72D90067750F /* RequestManager.swift in Sources */,
				E60C7FD7255F7C9F0067750F /* Headlineable.swift in Sources */,
				E6ADBDC8255FA99400FE667C /* ResultsView.swift in Sources */,
				E60C800F255F8FE00067750F /* HomeCoordinator.swift in Sources */,
				E60C8005255F8F8C0067750F /* HomeView.swift in Sources */,
				E60C7FE1255F7D8A0067750F /* NBAResult.swift in Sources */,
				E6ADBDDD255FB0A500FE667C /* ResultsRow.swift in Sources */,
				E60C7FDC255F7D170067750F /* F1Result.swift in Sources */,
				E6ADBDD0255FA9A100FE667C /* ResultsViewModel.swift in Sources */,
				E6392F49255FA49E00AA6C8F /* LazyView.swift in Sources */,
				E60C7FE6255F7E510067750F /* TennisResult.swift in Sources */,
				E6ADBDD5255FAE0C00FE667C /* ResultsCoordinator.swift in Sources */,
				E60C7FC8255F73360067750F /* Request.swift in Sources */,
				E6E72E7025605920003A3DBE /* FilterPill.swift in Sources */,
				E60C7FF9255F89820067750F /* SNDateFormatter.swift in Sources */,
				E60C800A255F8F9F0067750F /* HomeViewModel.swift in Sources */,
				E60C801E255F90E20067750F /* EventHandler.swift in Sources */,
				E60C7FEB255F82F80067750F /* NewsResult.swift in Sources */,
				E60C8023255F933A0067750F /* View+extensions.swift in Sources */,
				E60C7F8F255F72970067750F /* SportsNewsApp.swift in Sources */,
				E6E72E5825602B23003A3DBE /* Sport.swift in Sources */,
				E6E72E6B25605060003A3DBE /* Filterable.swift in Sources */,
				E60C7FCE255F758A0067750F /* URLRequest+extensions.swift in Sources */,
			);
			runOnlyForDeploymentPostprocessing = 0;
		};
		E60C7F98255F729A0067750F /* Sources */ = {
			isa = PBXSourcesBuildPhase;
			buildActionMask = 2147483647;
			files = (
				E60C7FA1255F729A0067750F /* SprotsNewsTests.swift in Sources */,
			);
			runOnlyForDeploymentPostprocessing = 0;
		};
		E60C7FA3255F729A0067750F /* Sources */ = {
			isa = PBXSourcesBuildPhase;
			buildActionMask = 2147483647;
			files = (
				E60C7FAC255F729A0067750F /* SprotsNewsUITests.swift in Sources */,
			);
			runOnlyForDeploymentPostprocessing = 0;
		};
/* End PBXSourcesBuildPhase section */

/* Begin PBXTargetDependency section */
		E60C7F9E255F729A0067750F /* PBXTargetDependency */ = {
			isa = PBXTargetDependency;
			target = E60C7F8A255F72970067750F /* SportsNews */;
			targetProxy = E60C7F9D255F729A0067750F /* PBXContainerItemProxy */;
		};
		E60C7FA9255F729A0067750F /* PBXTargetDependency */ = {
			isa = PBXTargetDependency;
			target = E60C7F8A255F72970067750F /* SportsNews */;
			targetProxy = E60C7FA8255F729A0067750F /* PBXContainerItemProxy */;
		};
/* End PBXTargetDependency section */

/* Begin XCBuildConfiguration section */
		E60C7FAE255F729A0067750F /* Debug */ = {
			isa = XCBuildConfiguration;
			buildSettings = {
				ALWAYS_SEARCH_USER_PATHS = NO;
				CLANG_ANALYZER_NONNULL = YES;
				CLANG_ANALYZER_NUMBER_OBJECT_CONVERSION = YES_AGGRESSIVE;
				CLANG_CXX_LANGUAGE_STANDARD = "gnu++14";
				CLANG_CXX_LIBRARY = "libc++";
				CLANG_ENABLE_MODULES = YES;
				CLANG_ENABLE_OBJC_ARC = YES;
				CLANG_ENABLE_OBJC_WEAK = YES;
				CLANG_WARN_BLOCK_CAPTURE_AUTORELEASING = YES;
				CLANG_WARN_BOOL_CONVERSION = YES;
				CLANG_WARN_COMMA = YES;
				CLANG_WARN_CONSTANT_CONVERSION = YES;
				CLANG_WARN_DEPRECATED_OBJC_IMPLEMENTATIONS = YES;
				CLANG_WARN_DIRECT_OBJC_ISA_USAGE = YES_ERROR;
				CLANG_WARN_DOCUMENTATION_COMMENTS = YES;
				CLANG_WARN_EMPTY_BODY = YES;
				CLANG_WARN_ENUM_CONVERSION = YES;
				CLANG_WARN_INFINITE_RECURSION = YES;
				CLANG_WARN_INT_CONVERSION = YES;
				CLANG_WARN_NON_LITERAL_NULL_CONVERSION = YES;
				CLANG_WARN_OBJC_IMPLICIT_RETAIN_SELF = YES;
				CLANG_WARN_OBJC_LITERAL_CONVERSION = YES;
				CLANG_WARN_OBJC_ROOT_CLASS = YES_ERROR;
				CLANG_WARN_QUOTED_INCLUDE_IN_FRAMEWORK_HEADER = YES;
				CLANG_WARN_RANGE_LOOP_ANALYSIS = YES;
				CLANG_WARN_STRICT_PROTOTYPES = YES;
				CLANG_WARN_SUSPICIOUS_MOVE = YES;
				CLANG_WARN_UNGUARDED_AVAILABILITY = YES_AGGRESSIVE;
				CLANG_WARN_UNREACHABLE_CODE = YES;
				CLANG_WARN__DUPLICATE_METHOD_MATCH = YES;
				COPY_PHASE_STRIP = NO;
				DEBUG_INFORMATION_FORMAT = dwarf;
				ENABLE_STRICT_OBJC_MSGSEND = YES;
				ENABLE_TESTABILITY = YES;
				GCC_C_LANGUAGE_STANDARD = gnu11;
				GCC_DYNAMIC_NO_PIC = NO;
				GCC_NO_COMMON_BLOCKS = YES;
				GCC_OPTIMIZATION_LEVEL = 0;
				GCC_PREPROCESSOR_DEFINITIONS = (
					"DEBUG=1",
					"$(inherited)",
				);
				GCC_WARN_64_TO_32_BIT_CONVERSION = YES;
				GCC_WARN_ABOUT_RETURN_TYPE = YES_ERROR;
				GCC_WARN_UNDECLARED_SELECTOR = YES;
				GCC_WARN_UNINITIALIZED_AUTOS = YES_AGGRESSIVE;
				GCC_WARN_UNUSED_FUNCTION = YES;
				GCC_WARN_UNUSED_VARIABLE = YES;
				IPHONEOS_DEPLOYMENT_TARGET = 14.2;
				MTL_ENABLE_DEBUG_INFO = INCLUDE_SOURCE;
				MTL_FAST_MATH = YES;
				ONLY_ACTIVE_ARCH = YES;
				SDKROOT = iphoneos;
				SWIFT_ACTIVE_COMPILATION_CONDITIONS = DEBUG;
				SWIFT_OPTIMIZATION_LEVEL = "-Onone";
			};
			name = Debug;
		};
		E60C7FAF255F729A0067750F /* Release */ = {
			isa = XCBuildConfiguration;
			buildSettings = {
				ALWAYS_SEARCH_USER_PATHS = NO;
				CLANG_ANALYZER_NONNULL = YES;
				CLANG_ANALYZER_NUMBER_OBJECT_CONVERSION = YES_AGGRESSIVE;
				CLANG_CXX_LANGUAGE_STANDARD = "gnu++14";
				CLANG_CXX_LIBRARY = "libc++";
				CLANG_ENABLE_MODULES = YES;
				CLANG_ENABLE_OBJC_ARC = YES;
				CLANG_ENABLE_OBJC_WEAK = YES;
				CLANG_WARN_BLOCK_CAPTURE_AUTORELEASING = YES;
				CLANG_WARN_BOOL_CONVERSION = YES;
				CLANG_WARN_COMMA = YES;
				CLANG_WARN_CONSTANT_CONVERSION = YES;
				CLANG_WARN_DEPRECATED_OBJC_IMPLEMENTATIONS = YES;
				CLANG_WARN_DIRECT_OBJC_ISA_USAGE = YES_ERROR;
				CLANG_WARN_DOCUMENTATION_COMMENTS = YES;
				CLANG_WARN_EMPTY_BODY = YES;
				CLANG_WARN_ENUM_CONVERSION = YES;
				CLANG_WARN_INFINITE_RECURSION = YES;
				CLANG_WARN_INT_CONVERSION = YES;
				CLANG_WARN_NON_LITERAL_NULL_CONVERSION = YES;
				CLANG_WARN_OBJC_IMPLICIT_RETAIN_SELF = YES;
				CLANG_WARN_OBJC_LITERAL_CONVERSION = YES;
				CLANG_WARN_OBJC_ROOT_CLASS = YES_ERROR;
				CLANG_WARN_QUOTED_INCLUDE_IN_FRAMEWORK_HEADER = YES;
				CLANG_WARN_RANGE_LOOP_ANALYSIS = YES;
				CLANG_WARN_STRICT_PROTOTYPES = YES;
				CLANG_WARN_SUSPICIOUS_MOVE = YES;
				CLANG_WARN_UNGUARDED_AVAILABILITY = YES_AGGRESSIVE;
				CLANG_WARN_UNREACHABLE_CODE = YES;
				CLANG_WARN__DUPLICATE_METHOD_MATCH = YES;
				COPY_PHASE_STRIP = NO;
				DEBUG_INFORMATION_FORMAT = "dwarf-with-dsym";
				ENABLE_NS_ASSERTIONS = NO;
				ENABLE_STRICT_OBJC_MSGSEND = YES;
				GCC_C_LANGUAGE_STANDARD = gnu11;
				GCC_NO_COMMON_BLOCKS = YES;
				GCC_WARN_64_TO_32_BIT_CONVERSION = YES;
				GCC_WARN_ABOUT_RETURN_TYPE = YES_ERROR;
				GCC_WARN_UNDECLARED_SELECTOR = YES;
				GCC_WARN_UNINITIALIZED_AUTOS = YES_AGGRESSIVE;
				GCC_WARN_UNUSED_FUNCTION = YES;
				GCC_WARN_UNUSED_VARIABLE = YES;
				IPHONEOS_DEPLOYMENT_TARGET = 14.2;
				MTL_ENABLE_DEBUG_INFO = NO;
				MTL_FAST_MATH = YES;
				SDKROOT = iphoneos;
				SWIFT_COMPILATION_MODE = wholemodule;
				SWIFT_OPTIMIZATION_LEVEL = "-O";
				VALIDATE_PRODUCT = YES;
			};
			name = Release;
		};
		E60C7FB1255F729A0067750F /* Debug */ = {
			isa = XCBuildConfiguration;
			buildSettings = {
				ASSETCATALOG_COMPILER_APPICON_NAME = AppIcon;
				ASSETCATALOG_COMPILER_GLOBAL_ACCENT_COLOR_NAME = AccentColor;
				CODE_SIGN_STYLE = Automatic;
				DEVELOPMENT_ASSET_PATHS = "\"SportsNews/Preview Content\"";
				DEVELOPMENT_TEAM = BQ48B7J4H4;
				ENABLE_PREVIEWS = YES;
				INFOPLIST_FILE = SportsNews/Info.plist;
				IPHONEOS_DEPLOYMENT_TARGET = 14.0;
				LD_RUNPATH_SEARCH_PATHS = (
					"$(inherited)",
					"@executable_path/Frameworks",
				);
				PRODUCT_BUNDLE_IDENTIFIER = com.stevegalbraith.SportsNews;
				PRODUCT_NAME = "$(TARGET_NAME)";
				SWIFT_VERSION = 5.0;
				TARGETED_DEVICE_FAMILY = "1,2";
			};
			name = Debug;
		};
		E60C7FB2255F729A0067750F /* Release */ = {
			isa = XCBuildConfiguration;
			buildSettings = {
				ASSETCATALOG_COMPILER_APPICON_NAME = AppIcon;
				ASSETCATALOG_COMPILER_GLOBAL_ACCENT_COLOR_NAME = AccentColor;
				CODE_SIGN_STYLE = Automatic;
				DEVELOPMENT_ASSET_PATHS = "\"SportsNews/Preview Content\"";
				DEVELOPMENT_TEAM = BQ48B7J4H4;
				ENABLE_PREVIEWS = YES;
				INFOPLIST_FILE = SportsNews/Info.plist;
				IPHONEOS_DEPLOYMENT_TARGET = 14.0;
				LD_RUNPATH_SEARCH_PATHS = (
					"$(inherited)",
					"@executable_path/Frameworks",
				);
				PRODUCT_BUNDLE_IDENTIFIER = com.stevegalbraith.SportsNews;
				PRODUCT_NAME = "$(TARGET_NAME)";
				SWIFT_VERSION = 5.0;
				TARGETED_DEVICE_FAMILY = "1,2";
			};
			name = Release;
		};
		E60C7FB4255F729A0067750F /* Debug */ = {
			isa = XCBuildConfiguration;
			buildSettings = {
				ALWAYS_EMBED_SWIFT_STANDARD_LIBRARIES = YES;
				BUNDLE_LOADER = "$(TEST_HOST)";
				CODE_SIGN_STYLE = Automatic;
				DEVELOPMENT_TEAM = BQ48B7J4H4;
				INFOPLIST_FILE = SportsNewsTests/Info.plist;
				IPHONEOS_DEPLOYMENT_TARGET = 14.0;
				LD_RUNPATH_SEARCH_PATHS = (
					"$(inherited)",
					"@executable_path/Frameworks",
					"@loader_path/Frameworks",
				);
				PRODUCT_BUNDLE_IDENTIFIER = com.stevegalbraith.SportsNewsTests;
				PRODUCT_NAME = "$(TARGET_NAME)";
				SWIFT_VERSION = 5.0;
				TARGETED_DEVICE_FAMILY = "1,2";
				TEST_HOST = "$(BUILT_PRODUCTS_DIR)/SportsNews.app/SportsNews";
			};
			name = Debug;
		};
		E60C7FB5255F729A0067750F /* Release */ = {
			isa = XCBuildConfiguration;
			buildSettings = {
				ALWAYS_EMBED_SWIFT_STANDARD_LIBRARIES = YES;
				BUNDLE_LOADER = "$(TEST_HOST)";
				CODE_SIGN_STYLE = Automatic;
				DEVELOPMENT_TEAM = BQ48B7J4H4;
				INFOPLIST_FILE = SportsNewsTests/Info.plist;
				IPHONEOS_DEPLOYMENT_TARGET = 14.0;
				LD_RUNPATH_SEARCH_PATHS = (
					"$(inherited)",
					"@executable_path/Frameworks",
					"@loader_path/Frameworks",
				);
				PRODUCT_BUNDLE_IDENTIFIER = com.stevegalbraith.SportsNewsTests;
				PRODUCT_NAME = "$(TARGET_NAME)";
				SWIFT_VERSION = 5.0;
				TARGETED_DEVICE_FAMILY = "1,2";
				TEST_HOST = "$(BUILT_PRODUCTS_DIR)/SportsNews.app/SportsNews";
			};
			name = Release;
		};
		E60C7FB7255F729A0067750F /* Debug */ = {
			isa = XCBuildConfiguration;
			buildSettings = {
				ALWAYS_EMBED_SWIFT_STANDARD_LIBRARIES = YES;
				CODE_SIGN_STYLE = Automatic;
				DEVELOPMENT_TEAM = BQ48B7J4H4;
				INFOPLIST_FILE = SportsNewsUITests/Info.plist;
				LD_RUNPATH_SEARCH_PATHS = (
					"$(inherited)",
					"@executable_path/Frameworks",
					"@loader_path/Frameworks",
				);
				PRODUCT_BUNDLE_IDENTIFIER = com.stevegalbraith.SportsNewsUITests;
				PRODUCT_NAME = "$(TARGET_NAME)";
				SWIFT_VERSION = 5.0;
				TARGETED_DEVICE_FAMILY = "1,2";
				TEST_TARGET_NAME = SportsNews;
			};
			name = Debug;
		};
		E60C7FB8255F729A0067750F /* Release */ = {
			isa = XCBuildConfiguration;
			buildSettings = {
				ALWAYS_EMBED_SWIFT_STANDARD_LIBRARIES = YES;
				CODE_SIGN_STYLE = Automatic;
				DEVELOPMENT_TEAM = BQ48B7J4H4;
				INFOPLIST_FILE = SportsNewsUITests/Info.plist;
				LD_RUNPATH_SEARCH_PATHS = (
					"$(inherited)",
					"@executable_path/Frameworks",
					"@loader_path/Frameworks",
				);
				PRODUCT_BUNDLE_IDENTIFIER = com.stevegalbraith.SportsNewsUITests;
				PRODUCT_NAME = "$(TARGET_NAME)";
				SWIFT_VERSION = 5.0;
				TARGETED_DEVICE_FAMILY = "1,2";
				TEST_TARGET_NAME = SportsNews;
			};
			name = Release;
		};
/* End XCBuildConfiguration section */

/* Begin XCConfigurationList section */
		E60C7F86255F72970067750F /* Build configuration list for PBXProject "SportsNews" */ = {
			isa = XCConfigurationList;
			buildConfigurations = (
				E60C7FAE255F729A0067750F /* Debug */,
				E60C7FAF255F729A0067750F /* Release */,
			);
			defaultConfigurationIsVisible = 0;
			defaultConfigurationName = Release;
		};
		E60C7FB0255F729A0067750F /* Build configuration list for PBXNativeTarget "SportsNews" */ = {
			isa = XCConfigurationList;
			buildConfigurations = (
				E60C7FB1255F729A0067750F /* Debug */,
				E60C7FB2255F729A0067750F /* Release */,
			);
			defaultConfigurationIsVisible = 0;
			defaultConfigurationName = Release;
		};
		E60C7FB3255F729A0067750F /* Build configuration list for PBXNativeTarget "SportsNewsTests" */ = {
			isa = XCConfigurationList;
			buildConfigurations = (
				E60C7FB4255F729A0067750F /* Debug */,
				E60C7FB5255F729A0067750F /* Release */,
			);
			defaultConfigurationIsVisible = 0;
			defaultConfigurationName = Release;
		};
		E60C7FB6255F729A0067750F /* Build configuration list for PBXNativeTarget "SportsNewsUITests" */ = {
			isa = XCConfigurationList;
			buildConfigurations = (
				E60C7FB7255F729A0067750F /* Debug */,
				E60C7FB8255F729A0067750F /* Release */,
			);
			defaultConfigurationIsVisible = 0;
			defaultConfigurationName = Release;
		};
/* End XCConfigurationList section */
	};
	rootObject = E60C7F83255F72970067750F /* Project object */;
}
